PODS:
  - AFNetworking (3.1.0):
    - AFNetworking/NSURLSession (= 3.1.0)
    - AFNetworking/Reachability (= 3.1.0)
    - AFNetworking/Security (= 3.1.0)
    - AFNetworking/Serialization (= 3.1.0)
    - AFNetworking/UIKit (= 3.1.0)
  - AFNetworking/NSURLSession (3.1.0):
    - AFNetworking/Reachability
    - AFNetworking/Security
    - AFNetworking/Serialization
  - AFNetworking/Reachability (3.1.0)
  - AFNetworking/Security (3.1.0)
  - AFNetworking/Serialization (3.1.0)
  - AFNetworking/UIKit (3.1.0):
    - AFNetworking/NSURLSession
  - ISO8601 (0.6.0)
  - JSONModel (1.5.1)
  - SwaggerClient (1.0.0):
    - AFNetworking (~> 3)
    - ISO8601 (~> 0.5)
    - JSONModel (~> 1.2)

DEPENDENCIES:
  - SwaggerClient (from `Musixmatch/`)

EXTERNAL SOURCES:
  SwaggerClient:
    :path: Musixmatch/

SPEC CHECKSUMS:
  AFNetworking: 5e0e199f73d8626b11e79750991f5d173d1f8b67
  ISO8601: d3ea3ba9b752820cf92c6b47a9ee327e9f0e13fc
  JSONModel: fd2553dc9e6608a3f35bfc956a14be35395d3852
  SwaggerClient: e30ce866792da2075981056728cdc7794bd8f644

PODFILE CHECKSUM: 50d44c56af541af5c1a3644e4a61aa26c3b0f8b2

COCOAPODS: 1.0.1
